{
  "name": "automad-lib",
  "requires": true,
  "lockfileVersion": 1,
  "dependencies": {
    "typeface-inter": {
      "version": "3.15.0",
      "resolved": "https://registry.npmjs.org/typeface-inter/-/typeface-inter-3.15.0.tgz",
      "integrity": "sha512-kWLJsvqSJTBKilu1HsBYHwi3usFg8JQ9I9u+bcU2kOkIi48fOZy8sYacbFmlJ9EHRVNqqvM4zeI73WCSKNMOuQ=="
    }
  }
}
